<Solution>
  <Project Path="Api/Api.csproj" />
  <Project Path="BussinessLogic/BussinessLogic.csproj" />
  <Project Path="CustomerSite/CustomerSite.csproj" />
  <Project Path="Infrastructure/Infrastructure.csproj" />
  <Project Path="SharedViewModel/SharedViewModel.csproj" />
  <Project Path="Test/Test.csproj" />
</Solution>
